PODS:
  - Firebase/Core (5.0.1):
    - Firebase/CoreOnly
    - FirebaseAnalytics (= 5.0.0)
  - Firebase/CoreOnly (5.0.1):
    - FirebaseCore (= 5.0.1)
  - Firebase/Messaging (5.0.1):
    - Firebase/CoreOnly
    - FirebaseMessaging (= 3.0.0)
  - FirebaseAnalytics (5.0.0):
    - FirebaseCore (~> 5.0)
    - FirebaseInstanceID (~> 3.0)
    - "GoogleToolboxForMac/NSData+zlib (~> 2.1)"
    - nanopb (~> 0.3)
  - FirebaseCore (5.0.1):
    - "GoogleToolboxForMac/NSData+zlib (~> 2.1)"
  - FirebaseInstanceID (3.0.0):
    - FirebaseCore (~> 5.0)
  - FirebaseMessaging (3.0.0):
    - FirebaseCore (~> 5.0)
    - FirebaseInstanceID (~> 3.0)
    - GoogleToolboxForMac/Logger (~> 2.1)
    - Protobuf (~> 3.1)
  - GoogleToolboxForMac (2.1.4):
    - GoogleToolboxForMac/Core (= 2.1.4)
    - GoogleToolboxForMac/Defines (= 2.1.4)
    - GoogleToolboxForMac/GeometryUtils (= 2.1.4)
    - GoogleToolboxForMac/KVO (= 2.1.4)
    - GoogleToolboxForMac/Logger (= 2.1.4)
    - "GoogleToolboxForMac/NSData+zlib (= 2.1.4)"
    - "GoogleToolboxForMac/NSDictionary+URLArguments (= 2.1.4)"
    - "GoogleToolboxForMac/NSFileHandle+UniqueName (= 2.1.4)"
    - "GoogleToolboxForMac/NSScanner+JSON (= 2.1.4)"
    - "GoogleToolboxForMac/NSString+HTML (= 2.1.4)"
    - "GoogleToolboxForMac/NSString+URLArguments (= 2.1.4)"
    - "GoogleToolboxForMac/NSString+XML (= 2.1.4)"
    - "GoogleToolboxForMac/NSThread+Blocks (= 2.1.4)"
    - GoogleToolboxForMac/Regex (= 2.1.4)
    - GoogleToolboxForMac/StringEncoding (= 2.1.4)
    - GoogleToolboxForMac/SystemVersion (= 2.1.4)
    - GoogleToolboxForMac/URLBuilder (= 2.1.4)
  - GoogleToolboxForMac/Core (2.1.4):
    - GoogleToolboxForMac/Defines (= 2.1.4)
  - GoogleToolboxForMac/DebugUtils (2.1.4):
    - GoogleToolboxForMac/Defines (= 2.1.4)
  - GoogleToolboxForMac/Defines (2.1.4)
  - GoogleToolboxForMac/GeometryUtils (2.1.4):
    - GoogleToolboxForMac/Defines (= 2.1.4)
  - GoogleToolboxForMac/KVO (2.1.4):
    - GoogleToolboxForMac/Core (= 2.1.4)
    - GoogleToolboxForMac/DebugUtils (= 2.1.4)
  - GoogleToolboxForMac/Logger (2.1.4):
    - GoogleToolboxForMac/Defines (= 2.1.4)
  - "GoogleToolboxForMac/NSData+zlib (2.1.4)":
    - GoogleToolboxForMac/Defines (= 2.1.4)
  - "GoogleToolboxForMac/NSDictionary+URLArguments (2.1.4)":
    - GoogleToolboxForMac/DebugUtils (= 2.1.4)
    - GoogleToolboxForMac/Defines (= 2.1.4)
    - "GoogleToolboxForMac/NSString+URLArguments (= 2.1.4)"
  - "GoogleToolboxForMac/NSFileHandle+UniqueName (2.1.4)":
    - GoogleToolboxForMac/Defines (= 2.1.4)
  - "GoogleToolboxForMac/NSScanner+JSON (2.1.4)":
    - GoogleToolboxForMac/Defines (= 2.1.4)
  - "GoogleToolboxForMac/NSString+HTML (2.1.4)":
    - GoogleToolboxForMac/Core (= 2.1.4)
  - "GoogleToolboxForMac/NSString+URLArguments (2.1.4)"
  - "GoogleToolboxForMac/NSString+XML (2.1.4)":
    - GoogleToolboxForMac/Defines (= 2.1.4)
  - "GoogleToolboxForMac/NSThread+Blocks (2.1.4)":
    - GoogleToolboxForMac/Defines (= 2.1.4)
  - GoogleToolboxForMac/Regex (2.1.4):
    - GoogleToolboxForMac/Defines (= 2.1.4)
  - GoogleToolboxForMac/StringEncoding (2.1.4):
    - GoogleToolboxForMac/Defines (= 2.1.4)
  - GoogleToolboxForMac/SystemVersion (2.1.4):
    - GoogleToolboxForMac/Defines (= 2.1.4)
  - GoogleToolboxForMac/URLBuilder (2.1.4):
    - GoogleToolboxForMac/Core (= 2.1.4)
    - GoogleToolboxForMac/Defines (= 2.1.4)
    - "GoogleToolboxForMac/NSDictionary+URLArguments (= 2.1.4)"
    - "GoogleToolboxForMac/NSString+URLArguments (= 2.1.4)"
  - nanopb (0.3.8):
    - nanopb/decode (= 0.3.8)
    - nanopb/encode (= 0.3.8)
  - nanopb/decode (0.3.8)
  - nanopb/encode (0.3.8)
  - Protobuf (3.5.0)

DEPENDENCIES:
  - Firebase/Core
  - Firebase/Messaging
  - GoogleToolboxForMac

SPEC REPOS:
  https://github.com/cocoapods/specs.git:
    - Firebase
    - FirebaseAnalytics
    - FirebaseCore
    - FirebaseInstanceID
    - FirebaseMessaging
    - GoogleToolboxForMac
    - nanopb
    - Protobuf

SPEC CHECKSUMS:
  Firebase: d6861c2059d8c32d1e6dd8932e22ada346d90a3a
  FirebaseAnalytics: 19812b49fa5f283dd6b23edf8a14b5d477029ab8
  FirebaseCore: cafc814b2d84fc8733f09e653041cc2165332ad7
  FirebaseInstanceID: 83e0040351565df711a5db3d8ebe5ea21aca998a
  FirebaseMessaging: f2360a966ecfb0d14facf0fbdf306efc2df0ddbe
  GoogleToolboxForMac: 91c824d21e85b31c2aae9bb011c5027c9b4e738f
  nanopb: 5601e6bca2dbf1ed831b519092ec110f66982ca3
  Protobuf: 8a9838fba8dae3389230e1b7f8c104aa32389c03

PODFILE CHECKSUM: d9e1c96a48756b8fa5712c85f1fb5e52622ae7f7

COCOAPODS: 1.5.2
